{
  "name": "@balmanth/jsx-dom",
  "version": "0.0.0-alpha",
  "lockfileVersion": 1,
  "requires": true,
  "dependencies": {
    "@balmanth/differs": {
      "version": "github:balmanth/differs#f652716f9227f919da751abbffcbbf46ab809834",
      "from": "github:balmanth/differs",
      "requires": {
        "@balmanth/objects": "github:balmanth/objects"
      }
    },
    "@balmanth/jsx-core": {
      "version": "github:balmanth/jsx-core#2964b4289cc9c538fc6f838260e426c17bd59c13",
      "from": "github:balmanth/jsx-core",
      "requires": {
        "@balmanth/differs": "github:balmanth/differs",
        "@balmanth/objects": "github:balmanth/objects"
      }
    },
    "@balmanth/objects": {
      "version": "github:balmanth/objects#d243d0b5598ebe88668b61ca142eaeab870ee977",
      "from": "github:balmanth/objects"
    },
    "prettier": {
      "version": "2.0.3",
      "resolved": "https://registry.npmjs.org/prettier/-/prettier-2.0.3.tgz",
      "integrity": "sha512-5qpBDBHO9fpE0zruKiTZm8Gxmz7kknO+WlQR/ivV+RMwgDw/WjOgmxLDn66MPrxq/WZPx/EgEZzh87xJO5E6Fw==",
      "dev": true
    },
    "typescript": {
      "version": "3.8.3",
      "resolved": "https://registry.npmjs.org/typescript/-/typescript-3.8.3.tgz",
      "integrity": "sha512-MYlEfn5VrLNsgudQTVJeNaQFUAI7DkhnOjdpAp4T+ku1TfQClewlbSuTVHiA+8skNBgaf02TL/kLOvig4y3G8w==",
      "dev": true
    }
  }
}
